
Microsoft Visual Studio Solution File, Format Version 12.00
# Visual Studio 15
VisualStudioVersion = 15.0.28307.757
MinimumVisualStudioVersion = 10.0.40219.1
Project("{FAE04EC0-301F-11D3-BF4B-00C04F79EFBC}") = "Senai.Roman.WebApi", "Senai.Roman.WebApi\Senai.Roman.WebApi.csproj", "{753F0D80-5019-44CC-9A06-8D753575484E}"
EndProject
Global
	GlobalSection(SolutionConfigurationPlatforms) = preSolution
		Debug|Any CPU = Debug|Any CPU
		Release|Any CPU = Release|Any CPU
	EndGlobalSection
	GlobalSection(ProjectConfigurationPlatforms) = postSolution
		{753F0D80-5019-44CC-9A06-8D753575484E}.Debug|Any CPU.ActiveCfg = Debug|Any CPU
		{753F0D80-5019-44CC-9A06-8D753575484E}.Debug|Any CPU.Build.0 = Debug|Any CPU
		{753F0D80-5019-44CC-9A06-8D753575484E}.Release|Any CPU.ActiveCfg = Release|Any CPU
		{753F0D80-5019-44CC-9A06-8D753575484E}.Release|Any CPU.Build.0 = Release|Any CPU
	EndGlobalSection
	GlobalSection(SolutionProperties) = preSolution
		HideSolutionNode = FALSE
	EndGlobalSection
	GlobalSection(ExtensibilityGlobals) = postSolution
		SolutionGuid = {9016C8D6-44DE-4E84-B74C-8FA27BA27714}
	EndGlobalSection
EndGlobal
